
Microsoft Visual Studio Solution File, Format Version 12.00
# Visual Studio 2012
Project("{8BC9CEB8-8B4A-11D0-8D11-00A0C91BC942}") = "vsproject", "vsproject.vcxproj", "{E8F5D193-E6D6-40F7-A9A0-9A998DAC2A80}"
EndProject
Global
	GlobalSection(SolutionConfigurationPlatforms) = preSolution
		Debug|Win32 = Debug|Win32
		Release|Win32 = Release|Win32
	EndGlobalSection
	GlobalSection(ProjectConfigurationPlatforms) = postSolution
		{E8F5D193-E6D6-40F7-A9A0-9A998DAC2A80}.Debug|Win32.ActiveCfg = Debug|Win32
		{E8F5D193-E6D6-40F7-A9A0-9A998DAC2A80}.Debug|Win32.Build.0 = Debug|Win32
		{E8F5D193-E6D6-40F7-A9A0-9A998DAC2A80}.Release|Win32.ActiveCfg = Release|Win32
		{E8F5D193-E6D6-40F7-A9A0-9A998DAC2A80}.Release|Win32.Build.0 = Release|Win32
	EndGlobalSection
	GlobalSection(SolutionProperties) = preSolution
		HideSolutionNode = FALSE
	EndGlobalSection
EndGlobal
