
Microsoft Visual Studio Solution File, Format Version 12.00
# Visual Studio 2012
Project("{8BC9CEB8-8B4A-11D0-8D11-00A0C91BC942}") = "mapbox-gl-windows", "mapbox-gl-windows\mapbox-gl-windows.vcxproj", "{256DB507-2614-4AE3-AC4D-245AFDC265FF}"
EndProject
Global
	GlobalSection(SolutionConfigurationPlatforms) = preSolution
		Debug|Win32 = Debug|Win32
		Release|Win32 = Release|Win32
	EndGlobalSection
	GlobalSection(ProjectConfigurationPlatforms) = postSolution
		{256DB507-2614-4AE3-AC4D-245AFDC265FF}.Debug|Win32.ActiveCfg = Debug|Win32
		{256DB507-2614-4AE3-AC4D-245AFDC265FF}.Debug|Win32.Build.0 = Debug|Win32
		{256DB507-2614-4AE3-AC4D-245AFDC265FF}.Release|Win32.ActiveCfg = Release|Win32
		{256DB507-2614-4AE3-AC4D-245AFDC265FF}.Release|Win32.Build.0 = Release|Win32
	EndGlobalSection
	GlobalSection(SolutionProperties) = preSolution
		HideSolutionNode = FALSE
	EndGlobalSection
EndGlobal
